
Microsoft Visual Studio Solution File, Format Version 12.00
# Visual Studio Version 17
VisualStudioVersion = 17.5.002.0
MinimumVisualStudioVersion = 10.0.40219.1
Project("{9A19103F-16F7-4668-BE54-9A1E7A4F7556}") = "SampleSecureWeb", "SampleSecureWeb.csproj", "{48FF4ABB-87A0-4A8A-98A9-7C6494522CEA}"
EndProject
Global
	GlobalSection(SolutionConfigurationPlatforms) = preSolution
		Debug|Any CPU = Debug|Any CPU
		Release|Any CPU = Release|Any CPU
	EndGlobalSection
	GlobalSection(ProjectConfigurationPlatforms) = postSolution
		{48FF4ABB-87A0-4A8A-98A9-7C6494522CEA}.Debug|Any CPU.ActiveCfg = Debug|Any CPU
		{48FF4ABB-87A0-4A8A-98A9-7C6494522CEA}.Debug|Any CPU.Build.0 = Debug|Any CPU
		{48FF4ABB-87A0-4A8A-98A9-7C6494522CEA}.Release|Any CPU.ActiveCfg = Release|Any CPU
		{48FF4ABB-87A0-4A8A-98A9-7C6494522CEA}.Release|Any CPU.Build.0 = Release|Any CPU
	EndGlobalSection
	GlobalSection(SolutionProperties) = preSolution
		HideSolutionNode = FALSE
	EndGlobalSection
	GlobalSection(ExtensibilityGlobals) = postSolution
		SolutionGuid = {2B78A6C7-22D1-476B-BB7F-5895EFF98C17}
	EndGlobalSection
EndGlobal
